
Microsoft Visual Studio Solution File, Format Version 12.00
# Visual Studio Version 17
VisualStudioVersion = 17.0.31903.59
MinimumVisualStudioVersion = 10.0.40219.1
Project("{2150E333-8FDC-42A3-9474-1A3956D46DE8}") = "src", "src", "{827E0CD3-B72D-47B6-A68D-7590B98EB39B}"
EndProject
Project("{FAE04EC0-301F-11D3-BF4B-00C04F79EFBC}") = "EIskele.Api", "src\EIskele.Api\EIskele.Api.csproj", "{CD8BAB03-52C0-493B-9607-C189E5B0C1CC}"
EndProject
Project("{FAE04EC0-301F-11D3-BF4B-00C04F79EFBC}") = "EIskele.Application", "src\EIskele.Application\EIskele.Application.csproj", "{C953FAB4-8F27-4A19-A86E-13B87FF9EA78}"
EndProject
Project("{FAE04EC0-301F-11D3-BF4B-00C04F79EFBC}") = "EIskele.Domain", "src\EIskele.Domain\EIskele.Domain.csproj", "{0ABDBD3F-B1A7-4EDA-B8F6-387C964CB86C}"
EndProject
Project("{FAE04EC0-301F-11D3-BF4B-00C04F79EFBC}") = "EIskele.Infrastructure", "src\EIskele.Infrastructure\EIskele.Infrastructure.csproj", "{88D8E0CF-0B3A-48EB-A476-E2930D789DFA}"
EndProject
Project("{FAE04EC0-301F-11D3-BF4B-00C04F79EFBC}") = "EIskele.Persistence", "src\EIskele.Persistence\EIskele.Persistence.csproj", "{0952C9AF-D6CA-42A2-9FD1-A4EDFD5F75E7}"
EndProject
Project("{FAE04EC0-301F-11D3-BF4B-00C04F79EFBC}") = "EIskele.Shared", "src\EIskele.Shared\EIskele.Shared.csproj", "{913E442A-9230-4D75-88D4-C5B6EFBB4FBB}"
EndProject
Global
	GlobalSection(SolutionConfigurationPlatforms) = preSolution
		Debug|Any CPU = Debug|Any CPU
		Debug|x64 = Debug|x64
		Debug|x86 = Debug|x86
		Release|Any CPU = Release|Any CPU
		Release|x64 = Release|x64
		Release|x86 = Release|x86
	EndGlobalSection
	GlobalSection(ProjectConfigurationPlatforms) = postSolution
		{CD8BAB03-52C0-493B-9607-C189E5B0C1CC}.Debug|Any CPU.ActiveCfg = Debug|Any CPU
		{CD8BAB03-52C0-493B-9607-C189E5B0C1CC}.Debug|Any CPU.Build.0 = Debug|Any CPU
		{CD8BAB03-52C0-493B-9607-C189E5B0C1CC}.Debug|x64.ActiveCfg = Debug|Any CPU
		{CD8BAB03-52C0-493B-9607-C189E5B0C1CC}.Debug|x64.Build.0 = Debug|Any CPU
		{CD8BAB03-52C0-493B-9607-C189E5B0C1CC}.Debug|x86.ActiveCfg = Debug|Any CPU
		{CD8BAB03-52C0-493B-9607-C189E5B0C1CC}.Debug|x86.Build.0 = Debug|Any CPU
		{CD8BAB03-52C0-493B-9607-C189E5B0C1CC}.Release|Any CPU.ActiveCfg = Release|Any CPU
		{CD8BAB03-52C0-493B-9607-C189E5B0C1CC}.Release|Any CPU.Build.0 = Release|Any CPU
		{CD8BAB03-52C0-493B-9607-C189E5B0C1CC}.Release|x64.ActiveCfg = Release|Any CPU
		{CD8BAB03-52C0-493B-9607-C189E5B0C1CC}.Release|x64.Build.0 = Release|Any CPU
		{CD8BAB03-52C0-493B-9607-C189E5B0C1CC}.Release|x86.ActiveCfg = Release|Any CPU
		{CD8BAB03-52C0-493B-9607-C189E5B0C1CC}.Release|x86.Build.0 = Release|Any CPU
		{C953FAB4-8F27-4A19-A86E-13B87FF9EA78}.Debug|Any CPU.ActiveCfg = Debug|Any CPU
		{C953FAB4-8F27-4A19-A86E-13B87FF9EA78}.Debug|Any CPU.Build.0 = Debug|Any CPU
		{C953FAB4-8F27-4A19-A86E-13B87FF9EA78}.Debug|x64.ActiveCfg = Debug|Any CPU
		{C953FAB4-8F27-4A19-A86E-13B87FF9EA78}.Debug|x64.Build.0 = Debug|Any CPU
		{C953FAB4-8F27-4A19-A86E-13B87FF9EA78}.Debug|x86.ActiveCfg = Debug|Any CPU
		{C953FAB4-8F27-4A19-A86E-13B87FF9EA78}.Debug|x86.Build.0 = Debug|Any CPU
		{C953FAB4-8F27-4A19-A86E-13B87FF9EA78}.Release|Any CPU.ActiveCfg = Release|Any CPU
		{C953FAB4-8F27-4A19-A86E-13B87FF9EA78}.Release|Any CPU.Build.0 = Release|Any CPU
		{C953FAB4-8F27-4A19-A86E-13B87FF9EA78}.Release|x64.ActiveCfg = Release|Any CPU
		{C953FAB4-8F27-4A19-A86E-13B87FF9EA78}.Release|x64.Build.0 = Release|Any CPU
		{C953FAB4-8F27-4A19-A86E-13B87FF9EA78}.Release|x86.ActiveCfg = Release|Any CPU
		{C953FAB4-8F27-4A19-A86E-13B87FF9EA78}.Release|x86.Build.0 = Release|Any CPU
		{0ABDBD3F-B1A7-4EDA-B8F6-387C964CB86C}.Debug|Any CPU.ActiveCfg = Debug|Any CPU
		{0ABDBD3F-B1A7-4EDA-B8F6-387C964CB86C}.Debug|Any CPU.Build.0 = Debug|Any CPU
		{0ABDBD3F-B1A7-4EDA-B8F6-387C964CB86C}.Debug|x64.ActiveCfg = Debug|Any CPU
		{0ABDBD3F-B1A7-4EDA-B8F6-387C964CB86C}.Debug|x64.Build.0 = Debug|Any CPU
		{0ABDBD3F-B1A7-4EDA-B8F6-387C964CB86C}.Debug|x86.ActiveCfg = Debug|Any CPU
		{0ABDBD3F-B1A7-4EDA-B8F6-387C964CB86C}.Debug|x86.Build.0 = Debug|Any CPU
		{0ABDBD3F-B1A7-4EDA-B8F6-387C964CB86C}.Release|Any CPU.ActiveCfg = Release|Any CPU
		{0ABDBD3F-B1A7-4EDA-B8F6-387C964CB86C}.Release|Any CPU.Build.0 = Release|Any CPU
		{0ABDBD3F-B1A7-4EDA-B8F6-387C964CB86C}.Release|x64.ActiveCfg = Release|Any CPU
		{0ABDBD3F-B1A7-4EDA-B8F6-387C964CB86C}.Release|x64.Build.0 = Release|Any CPU
		{0ABDBD3F-B1A7-4EDA-B8F6-387C964CB86C}.Release|x86.ActiveCfg = Release|Any CPU
		{0ABDBD3F-B1A7-4EDA-B8F6-387C964CB86C}.Release|x86.Build.0 = Release|Any CPU
		{88D8E0CF-0B3A-48EB-A476-E2930D789DFA}.Debug|Any CPU.ActiveCfg = Debug|Any CPU
		{88D8E0CF-0B3A-48EB-A476-E2930D789DFA}.Debug|Any CPU.Build.0 = Debug|Any CPU
		{88D8E0CF-0B3A-48EB-A476-E2930D789DFA}.Debug|x64.ActiveCfg = Debug|Any CPU
		{88D8E0CF-0B3A-48EB-A476-E2930D789DFA}.Debug|x64.Build.0 = Debug|Any CPU
		{88D8E0CF-0B3A-48EB-A476-E2930D789DFA}.Debug|x86.ActiveCfg = Debug|Any CPU
		{88D8E0CF-0B3A-48EB-A476-E2930D789DFA}.Debug|x86.Build.0 = Debug|Any CPU
		{88D8E0CF-0B3A-48EB-A476-E2930D789DFA}.Release|Any CPU.ActiveCfg = Release|Any CPU
		{88D8E0CF-0B3A-48EB-A476-E2930D789DFA}.Release|Any CPU.Build.0 = Release|Any CPU
		{88D8E0CF-0B3A-48EB-A476-E2930D789DFA}.Release|x64.ActiveCfg = Release|Any CPU
		{88D8E0CF-0B3A-48EB-A476-E2930D789DFA}.Release|x64.Build.0 = Release|Any CPU
		{88D8E0CF-0B3A-48EB-A476-E2930D789DFA}.Release|x86.ActiveCfg = Release|Any CPU
		{88D8E0CF-0B3A-48EB-A476-E2930D789DFA}.Release|x86.Build.0 = Release|Any CPU
		{0952C9AF-D6CA-42A2-9FD1-A4EDFD5F75E7}.Debug|Any CPU.ActiveCfg = Debug|Any CPU
		{0952C9AF-D6CA-42A2-9FD1-A4EDFD5F75E7}.Debug|Any CPU.Build.0 = Debug|Any CPU
		{0952C9AF-D6CA-42A2-9FD1-A4EDFD5F75E7}.Debug|x64.ActiveCfg = Debug|Any CPU
		{0952C9AF-D6CA-42A2-9FD1-A4EDFD5F75E7}.Debug|x64.Build.0 = Debug|Any CPU
		{0952C9AF-D6CA-42A2-9FD1-A4EDFD5F75E7}.Debug|x86.ActiveCfg = Debug|Any CPU
		{0952C9AF-D6CA-42A2-9FD1-A4EDFD5F75E7}.Debug|x86.Build.0 = Debug|Any CPU
		{0952C9AF-D6CA-42A2-9FD1-A4EDFD5F75E7}.Release|Any CPU.ActiveCfg = Release|Any CPU
		{0952C9AF-D6CA-42A2-9FD1-A4EDFD5F75E7}.Release|Any CPU.Build.0 = Release|Any CPU
		{0952C9AF-D6CA-42A2-9FD1-A4EDFD5F75E7}.Release|x64.ActiveCfg = Release|Any CPU
		{0952C9AF-D6CA-42A2-9FD1-A4EDFD5F75E7}.Release|x64.Build.0 = Release|Any CPU
		{0952C9AF-D6CA-42A2-9FD1-A4EDFD5F75E7}.Release|x86.ActiveCfg = Release|Any CPU
		{0952C9AF-D6CA-42A2-9FD1-A4EDFD5F75E7}.Release|x86.Build.0 = Release|Any CPU
		{913E442A-9230-4D75-88D4-C5B6EFBB4FBB}.Debug|Any CPU.ActiveCfg = Debug|Any CPU
		{913E442A-9230-4D75-88D4-C5B6EFBB4FBB}.Debug|Any CPU.Build.0 = Debug|Any CPU
		{913E442A-9230-4D75-88D4-C5B6EFBB4FBB}.Debug|x64.ActiveCfg = Debug|Any CPU
		{913E442A-9230-4D75-88D4-C5B6EFBB4FBB}.Debug|x64.Build.0 = Debug|Any CPU
		{913E442A-9230-4D75-88D4-C5B6EFBB4FBB}.Debug|x86.ActiveCfg = Debug|Any CPU
		{913E442A-9230-4D75-88D4-C5B6EFBB4FBB}.Debug|x86.Build.0 = Debug|Any CPU
		{913E442A-9230-4D75-88D4-C5B6EFBB4FBB}.Release|Any CPU.ActiveCfg = Release|Any CPU
		{913E442A-9230-4D75-88D4-C5B6EFBB4FBB}.Release|Any CPU.Build.0 = Release|Any CPU
		{913E442A-9230-4D75-88D4-C5B6EFBB4FBB}.Release|x64.ActiveCfg = Release|Any CPU
		{913E442A-9230-4D75-88D4-C5B6EFBB4FBB}.Release|x64.Build.0 = Release|Any CPU
		{913E442A-9230-4D75-88D4-C5B6EFBB4FBB}.Release|x86.ActiveCfg = Release|Any CPU
		{913E442A-9230-4D75-88D4-C5B6EFBB4FBB}.Release|x86.Build.0 = Release|Any CPU
	EndGlobalSection
	GlobalSection(SolutionProperties) = preSolution
		HideSolutionNode = FALSE
	EndGlobalSection
	GlobalSection(NestedProjects) = preSolution
		{CD8BAB03-52C0-493B-9607-C189E5B0C1CC} = {827E0CD3-B72D-47B6-A68D-7590B98EB39B}
		{C953FAB4-8F27-4A19-A86E-13B87FF9EA78} = {827E0CD3-B72D-47B6-A68D-7590B98EB39B}
		{0ABDBD3F-B1A7-4EDA-B8F6-387C964CB86C} = {827E0CD3-B72D-47B6-A68D-7590B98EB39B}
		{88D8E0CF-0B3A-48EB-A476-E2930D789DFA} = {827E0CD3-B72D-47B6-A68D-7590B98EB39B}
		{0952C9AF-D6CA-42A2-9FD1-A4EDFD5F75E7} = {827E0CD3-B72D-47B6-A68D-7590B98EB39B}
		{913E442A-9230-4D75-88D4-C5B6EFBB4FBB} = {827E0CD3-B72D-47B6-A68D-7590B98EB39B}
	EndGlobalSection
EndGlobal
